{
  "version": 4,
  "terraform_version": "1.10.5",
  "serial": 32,
  "lineage": "95f51399-8797-369f-90bf-d82daa26de0d",
  "outputs": {
    "default_vpc_id": {
      "value": "vpc-0e3ac6c0dfe1cbe75",
      "type": "string"
    },
    "ec2_public_ip": {
      "value": "54.196.178.175",
      "type": "string"
    },
    "key_pair_name": {
      "value": "deepseek-key-pair",
      "type": "string"
    },
    "load_balancer_dns_name": {
      "value": "deepseek-lb-1433466303.us-east-1.elb.amazonaws.com",
      "type": "string"
    }
  },
  "resources": [
    {
      "mode": "data",
      "type": "aws_vpc",
      "name": "default",
      "provider": "provider[\"registry.terraform.io/hashicorp/aws\"]",
      "instances": [
        {
          "schema_version": 0,
          "attributes": {
            "arn": "arn:aws:ec2:us-east-1:242201266221:vpc/vpc-0e3ac6c0dfe1cbe75",
            "cidr_block": "172.31.0.0/16",
            "cidr_block_associations": [
              {
                "association_id": "vpc-cidr-assoc-0d6bd2cf678d0e3c2",
                "cidr_block": "172.31.0.0/16",
                "state": "associated"
              }
            ],
            "default": true,
            "dhcp_options_id": "dopt-0ab801491c9c96098",
            "enable_dns_hostnames": true,
            "enable_dns_support": true,
            "enable_network_address_usage_metrics": false,
            "filter": null,
            "id": "vpc-0e3ac6c0dfe1cbe75",
            "instance_tenancy": "default",
            "ipv6_association_id": "",
            "ipv6_cidr_block": "",
            "main_route_table_id": "rtb-050a68ba7874c37d5",
            "owner_id": "242201266221",
            "state": null,
            "tags": {},
            "timeouts": null
          },
          "sensitive_attributes": []
        }
      ]
    },
    {
      "mode": "managed",
      "type": "aws_iam_instance_profile",
      "name": "ec2_instance_profile",
      "provider": "provider[\"registry.terraform.io/hashicorp/aws\"]",
      "instances": [
        {
          "schema_version": 0,
          "attributes": {
            "arn": "arn:aws:iam::242201266221:instance-profile/deepseek-ec2-instance-profile",
            "create_date": "2025-01-31T18:21:11Z",
            "id": "deepseek-ec2-instance-profile",
            "name": "deepseek-ec2-instance-profile",
            "name_prefix": "",
            "path": "/",
            "role": "ec2-iam-role",
            "tags": {},
            "tags_all": {},
            "unique_id": "AIPATQZCSBAWT534MRT6S"
          },
          "sensitive_attributes": [],
          "private": "bnVsbA==",
          "dependencies": [
            "aws_iam_role.ec2_role"
          ]
        }
      ]
    },
    {
      "mode": "managed",
      "type": "aws_iam_policy",
      "name": "ec2_policy",
      "provider": "provider[\"registry.terraform.io/hashicorp/aws\"]",
      "instances": [
        {
          "schema_version": 0,
          "attributes": {
            "arn": "arn:aws:iam::242201266221:policy/ec2-access-policy",
            "attachment_count": 1,
            "description": "Policy for EC2 to access S3 and other resources",
            "id": "arn:aws:iam::242201266221:policy/ec2-access-policy",
            "name": "ec2-access-policy",
            "name_prefix": "",
            "path": "/",
            "policy": "{\"Statement\":[{\"Action\":[\"s3:ListBucket\",\"s3:GetObject\",\"s3:PutObject\"],\"Effect\":\"Allow\",\"Resource\":[\"arn:aws:s3:::your-bucket-name\",\"arn:aws:s3:::your-bucket-name/*\"]}],\"Version\":\"2012-10-17\"}",
            "policy_id": "ANPATQZCSBAWRF3SQV7WF",
            "tags": {},
            "tags_all": {}
          },
          "sensitive_attributes": [],
          "private": "bnVsbA=="
        }
      ]
    },
    {
      "mode": "managed",
      "type": "aws_iam_role",
      "name": "ec2_role",
      "provider": "provider[\"registry.terraform.io/hashicorp/aws\"]",
      "instances": [
        {
          "schema_version": 0,
          "attributes": {
            "arn": "arn:aws:iam::242201266221:role/ec2-iam-role",
            "assume_role_policy": "{\"Statement\":[{\"Action\":\"sts:AssumeRole\",\"Effect\":\"Allow\",\"Principal\":{\"Service\":\"ec2.amazonaws.com\"}}],\"Version\":\"2012-10-17\"}",
            "create_date": "2025-01-31T18:21:11Z",
            "description": "",
            "force_detach_policies": false,
            "id": "ec2-iam-role",
            "inline_policy": [],
            "managed_policy_arns": [
              "arn:aws:iam::242201266221:policy/ec2-access-policy"
            ],
            "max_session_duration": 3600,
            "name": "ec2-iam-role",
            "name_prefix": "",
            "path": "/",
            "permissions_boundary": "",
            "tags": {},
            "tags_all": {},
            "unique_id": "AROATQZCSBAWXJHS7ZQLC"
          },
          "sensitive_attributes": [],
          "private": "bnVsbA=="
        }
      ]
    },
    {
      "mode": "managed",
      "type": "aws_iam_role_policy_attachment",
      "name": "ec2_policy_attach",
      "provider": "provider[\"registry.terraform.io/hashicorp/aws\"]",
      "instances": [
        {
          "schema_version": 0,
          "attributes": {
            "id": "ec2-iam-role-20250131182116327800000001",
            "policy_arn": "arn:aws:iam::242201266221:policy/ec2-access-policy",
            "role": "ec2-iam-role"
          },
          "sensitive_attributes": [],
          "private": "bnVsbA==",
          "dependencies": [
            "aws_iam_policy.ec2_policy",
            "aws_iam_role.ec2_role"
          ]
        }
      ]
    },
    {
      "mode": "managed",
      "type": "aws_instance",
      "name": "deepseek_model",
      "provider": "provider[\"registry.terraform.io/hashicorp/aws\"]",
      "instances": [
        {
          "schema_version": 1,
          "attributes": {
            "ami": "ami-04b4f1a9cf54c11d0",
            "arn": "arn:aws:ec2:us-east-1:242201266221:instance/i-01a1b9ca49a26c8d6",
            "associate_public_ip_address": true,
            "availability_zone": "us-east-1d",
            "capacity_reservation_specification": [
              {
                "capacity_reservation_preference": "open",
                "capacity_reservation_target": []
              }
            ],
            "cpu_core_count": 4,
            "cpu_options": [
              {
                "amd_sev_snp": "",
                "core_count": 4,
                "threads_per_core": 1
              }
            ],
            "cpu_threads_per_core": 1,
            "credit_specification": [
              {
                "cpu_credits": "standard"
              }
            ],
            "disable_api_stop": false,
            "disable_api_termination": false,
            "ebs_block_device": [],
            "ebs_optimized": false,
            "enable_primary_ipv6": null,
            "enclave_options": [
              {
                "enabled": false
              }
            ],
            "ephemeral_block_device": [],
            "get_password_data": false,
            "hibernation": false,
            "host_id": "",
            "host_resource_group_arn": null,
            "iam_instance_profile": "deepseek-ec2-instance-profile",
            "id": "i-01a1b9ca49a26c8d6",
            "instance_initiated_shutdown_behavior": "stop",
            "instance_lifecycle": "",
            "instance_market_options": [],
            "instance_state": "running",
            "instance_type": "t2.xlarge",
            "ipv6_address_count": 0,
            "ipv6_addresses": [],
            "key_name": "deepseek-key-pair",
            "launch_template": [],
            "maintenance_options": [
              {
                "auto_recovery": "default"
              }
            ],
            "metadata_options": [
              {
                "http_endpoint": "enabled",
                "http_protocol_ipv6": "disabled",
                "http_put_response_hop_limit": 2,
                "http_tokens": "required",
                "instance_metadata_tags": "disabled"
              }
            ],
            "monitoring": false,
            "network_interface": [],
            "outpost_arn": "",
            "password_data": "",
            "placement_group": "",
            "placement_partition_number": 0,
            "primary_network_interface_id": "eni-09b73894488c61562",
            "private_dns": "ip-172-31-27-76.ec2.internal",
            "private_dns_name_options": [
              {
                "enable_resource_name_dns_a_record": false,
                "enable_resource_name_dns_aaaa_record": false,
                "hostname_type": "ip-name"
              }
            ],
            "private_ip": "172.31.27.76",
            "public_dns": "ec2-54-196-178-175.compute-1.amazonaws.com",
            "public_ip": "54.196.178.175",
            "root_block_device": [
              {
                "delete_on_termination": true,
                "device_name": "/dev/sda1",
                "encrypted": false,
                "iops": 3000,
                "kms_key_id": "",
                "tags": {},
                "tags_all": {},
                "throughput": 125,
                "volume_id": "vol-025df18f53364add8",
                "volume_size": 8,
                "volume_type": "gp3"
              }
            ],
            "secondary_private_ips": [],
            "security_groups": [
              "deepseek_sg"
            ],
            "source_dest_check": true,
            "spot_instance_request_id": "",
            "subnet_id": "subnet-053d2752f2e99a17f",
            "tags": {
              "Name": "DeepSeekModelR1"
            },
            "tags_all": {
              "Name": "DeepSeekModelR1"
            },
            "tenancy": "default",
            "timeouts": null,
            "user_data": null,
            "user_data_base64": null,
            "user_data_replace_on_change": false,
            "volume_tags": null,
            "vpc_security_group_ids": [
              "sg-07b7e4b471f27693b"
            ]
          },
          "sensitive_attributes": [],
          "private": "eyJlMmJmYjczMC1lY2FhLTExZTYtOGY4OC0zNDM2M2JjN2M0YzAiOnsiY3JlYXRlIjo2MDAwMDAwMDAwMDAsImRlbGV0ZSI6MTIwMDAwMDAwMDAwMCwicmVhZCI6OTAwMDAwMDAwMDAwLCJ1cGRhdGUiOjYwMDAwMDAwMDAwMH0sInNjaGVtYV92ZXJzaW9uIjoiMSJ9",
          "dependencies": [
            "aws_iam_instance_profile.ec2_instance_profile",
            "aws_iam_role.ec2_role",
            "aws_key_pair.ec2_key",
            "aws_security_group.deepseek_sg",
            "tls_private_key.ec2_key"
          ]
        }
      ]
    },
    {
      "mode": "managed",
      "type": "aws_key_pair",
      "name": "ec2_key",
      "provider": "provider[\"registry.terraform.io/hashicorp/aws\"]",
      "instances": [
        {
          "schema_version": 1,
          "attributes": {
            "arn": "arn:aws:ec2:us-east-1:242201266221:key-pair/deepseek-key-pair",
            "fingerprint": "b7:1b:2d:93:50:67:a3:32:a5:10:7d:af:83:00:c9:e2",
            "id": "deepseek-key-pair",
            "key_name": "deepseek-key-pair",
            "key_name_prefix": "",
            "key_pair_id": "key-0e76ce108ea91bb5e",
            "key_type": "rsa",
            "public_key": "ssh-rsa AAAAB3NzaC1yc2EAAAADAQABAAABAQCoy8AcRMIazRN3jUM4PsVbFfhUBxDViHO1vcS8F94IJqsFXu2jZocW1GFXNyw/ZSQhyxCxFWs6FJtogxUrGoxGo/4Eg84KdJN+H5Wn1OINapKfqLb1Trv3OOPGUxttIBLYylZdSvug0EOFdnHBcaBDuIULdtjtfYZ1RG77aTqM2A/klXdRxEBxQvzg2e5ZSV9LEkTEpxY0QqaaN915caGPPpaZ+QhA1wxt7HuzA4gXgBbmpRjWj8dqvGraFKMnnlgEIRIjZ3R+6IepUvGCB/i9D/TeQY3LgJZ/xrNqDOX1yav+GVvQHEaxHx3lmMY+wELvDsQF6QNmOv+cB0aCwHrX",
            "tags": {},
            "tags_all": {}
          },
          "sensitive_attributes": [],
          "private": "eyJzY2hlbWFfdmVyc2lvbiI6IjEifQ==",
          "dependencies": [
            "tls_private_key.ec2_key"
          ]
        }
      ]
    },
    {
      "mode": "managed",
      "type": "aws_lb",
      "name": "deepseek_lb",
      "provider": "provider[\"registry.terraform.io/hashicorp/aws\"]",
      "instances": [
        {
          "schema_version": 0,
          "attributes": {
            "access_logs": [
              {
                "bucket": "",
                "enabled": false,
                "prefix": ""
              }
            ],
            "arn": "arn:aws:elasticloadbalancing:us-east-1:242201266221:loadbalancer/app/deepseek-lb/b3c748a413848eaa",
            "arn_suffix": "app/deepseek-lb/b3c748a413848eaa",
            "client_keep_alive": 3600,
            "connection_logs": [
              {
                "bucket": "",
                "enabled": false,
                "prefix": ""
              }
            ],
            "customer_owned_ipv4_pool": "",
            "desync_mitigation_mode": "defensive",
            "dns_name": "deepseek-lb-1433466303.us-east-1.elb.amazonaws.com",
            "dns_record_client_routing_policy": null,
            "drop_invalid_header_fields": false,
            "enable_cross_zone_load_balancing": true,
            "enable_deletion_protection": false,
            "enable_http2": true,
            "enable_tls_version_and_cipher_suite_headers": false,
            "enable_waf_fail_open": false,
            "enable_xff_client_port": false,
            "enable_zonal_shift": false,
            "enforce_security_group_inbound_rules_on_private_link_traffic": "",
            "id": "arn:aws:elasticloadbalancing:us-east-1:242201266221:loadbalancer/app/deepseek-lb/b3c748a413848eaa",
            "idle_timeout": 60,
            "internal": false,
            "ip_address_type": "ipv4",
            "load_balancer_type": "application",
            "name": "deepseek-lb",
            "name_prefix": "",
            "preserve_host_header": false,
            "security_groups": [
              "sg-07b7e4b471f27693b"
            ],
            "subnet_mapping": [
              {
                "allocation_id": "",
                "ipv6_address": "",
                "outpost_id": "",
                "private_ipv4_address": "",
                "subnet_id": "subnet-03bd4aae7b7dcc1a2"
              },
              {
                "allocation_id": "",
                "ipv6_address": "",
                "outpost_id": "",
                "private_ipv4_address": "",
                "subnet_id": "subnet-0a6a9645900fb9fe8"
              }
            ],
            "subnets": [
              "subnet-03bd4aae7b7dcc1a2",
              "subnet-0a6a9645900fb9fe8"
            ],
            "tags": {},
            "tags_all": {},
            "timeouts": null,
            "vpc_id": "vpc-0e3ac6c0dfe1cbe75",
            "xff_header_processing_mode": "append",
            "zone_id": "Z35SXDOTRQ7X7K"
          },
          "sensitive_attributes": [],
          "private": "eyJlMmJmYjczMC1lY2FhLTExZTYtOGY4OC0zNDM2M2JjN2M0YzAiOnsiY3JlYXRlIjo2MDAwMDAwMDAwMDAsImRlbGV0ZSI6NjAwMDAwMDAwMDAwLCJ1cGRhdGUiOjYwMDAwMDAwMDAwMH19",
          "dependencies": [
            "aws_security_group.deepseek_sg"
          ]
        }
      ]
    },
    {
      "mode": "managed",
      "type": "aws_lb_listener",
      "name": "deepseek_listener",
      "provider": "provider[\"registry.terraform.io/hashicorp/aws\"]",
      "instances": [
        {
          "schema_version": 0,
          "attributes": {
            "alpn_policy": null,
            "arn": "arn:aws:elasticloadbalancing:us-east-1:242201266221:listener/app/deepseek-lb/b3c748a413848eaa/332393ada97220a0",
            "certificate_arn": null,
            "default_action": [
              {
                "authenticate_cognito": [],
                "authenticate_oidc": [],
                "fixed_response": [],
                "forward": [],
                "order": 1,
                "redirect": [],
                "target_group_arn": "arn:aws:elasticloadbalancing:us-east-1:242201266221:targetgroup/deepseek-target-group/51120e5f0d9d3562",
                "type": "forward"
              }
            ],
            "id": "arn:aws:elasticloadbalancing:us-east-1:242201266221:listener/app/deepseek-lb/b3c748a413848eaa/332393ada97220a0",
            "load_balancer_arn": "arn:aws:elasticloadbalancing:us-east-1:242201266221:loadbalancer/app/deepseek-lb/b3c748a413848eaa",
            "mutual_authentication": [],
            "port": 80,
            "protocol": "HTTP",
            "routing_http_request_x_amzn_mtls_clientcert_header_name": null,
            "routing_http_request_x_amzn_mtls_clientcert_issuer_header_name": null,
            "routing_http_request_x_amzn_mtls_clientcert_leaf_header_name": null,
            "routing_http_request_x_amzn_mtls_clientcert_serial_number_header_name": null,
            "routing_http_request_x_amzn_mtls_clientcert_subject_header_name": null,
            "routing_http_request_x_amzn_mtls_clientcert_validity_header_name": null,
            "routing_http_request_x_amzn_tls_cipher_suite_header_name": null,
            "routing_http_request_x_amzn_tls_version_header_name": null,
            "routing_http_response_access_control_allow_credentials_header_value": "",
            "routing_http_response_access_control_allow_headers_header_value": "",
            "routing_http_response_access_control_allow_methods_header_value": "",
            "routing_http_response_access_control_allow_origin_header_value": "",
            "routing_http_response_access_control_expose_headers_header_value": "",
            "routing_http_response_access_control_max_age_header_value": "",
            "routing_http_response_content_security_policy_header_value": "",
            "routing_http_response_server_enabled": false,
            "routing_http_response_strict_transport_security_header_value": "",
            "routing_http_response_x_content_type_options_header_value": "",
            "routing_http_response_x_frame_options_header_value": "",
            "ssl_policy": "",
            "tags": {},
            "tags_all": {},
            "tcp_idle_timeout_seconds": null,
            "timeouts": null
          },
          "sensitive_attributes": [],
          "private": "eyJlMmJmYjczMC1lY2FhLTExZTYtOGY4OC0zNDM2M2JjN2M0YzAiOnsiY3JlYXRlIjozMDAwMDAwMDAwMDAsInVwZGF0ZSI6MzAwMDAwMDAwMDAwfX0=",
          "dependencies": [
            "aws_lb.deepseek_lb",
            "aws_lb_target_group.deepseek_target_group",
            "aws_security_group.deepseek_sg",
            "data.aws_vpc.default"
          ]
        }
      ]
    },
    {
      "mode": "managed",
      "type": "aws_lb_target_group",
      "name": "deepseek_target_group",
      "provider": "provider[\"registry.terraform.io/hashicorp/aws\"]",
      "instances": [
        {
          "schema_version": 0,
          "attributes": {
            "arn": "arn:aws:elasticloadbalancing:us-east-1:242201266221:targetgroup/deepseek-target-group/51120e5f0d9d3562",
            "arn_suffix": "targetgroup/deepseek-target-group/51120e5f0d9d3562",
            "connection_termination": null,
            "deregistration_delay": "300",
            "health_check": [
              {
                "enabled": true,
                "healthy_threshold": 5,
                "interval": 30,
                "matcher": "200",
                "path": "/",
                "port": "traffic-port",
                "protocol": "HTTP",
                "timeout": 5,
                "unhealthy_threshold": 2
              }
            ],
            "id": "arn:aws:elasticloadbalancing:us-east-1:242201266221:targetgroup/deepseek-target-group/51120e5f0d9d3562",
            "ip_address_type": "ipv4",
            "lambda_multi_value_headers_enabled": false,
            "load_balancer_arns": [
              "arn:aws:elasticloadbalancing:us-east-1:242201266221:loadbalancer/app/deepseek-lb/b3c748a413848eaa"
            ],
            "load_balancing_algorithm_type": "round_robin",
            "load_balancing_anomaly_mitigation": "off",
            "load_balancing_cross_zone_enabled": "use_load_balancer_configuration",
            "name": "deepseek-target-group",
            "name_prefix": "",
            "port": 8080,
            "preserve_client_ip": null,
            "protocol": "HTTP",
            "protocol_version": "HTTP1",
            "proxy_protocol_v2": false,
            "slow_start": 0,
            "stickiness": [
              {
                "cookie_duration": 86400,
                "cookie_name": "",
                "enabled": false,
                "type": "lb_cookie"
              }
            ],
            "tags": {},
            "tags_all": {},
            "target_failover": [
              {
                "on_deregistration": null,
                "on_unhealthy": null
              }
            ],
            "target_group_health": [
              {
                "dns_failover": [
                  {
                    "minimum_healthy_targets_count": "1",
                    "minimum_healthy_targets_percentage": "off"
                  }
                ],
                "unhealthy_state_routing": [
                  {
                    "minimum_healthy_targets_count": 1,
                    "minimum_healthy_targets_percentage": "off"
                  }
                ]
              }
            ],
            "target_health_state": [
              {
                "enable_unhealthy_connection_termination": null,
                "unhealthy_draining_interval": null
              }
            ],
            "target_type": "instance",
            "vpc_id": "vpc-0e3ac6c0dfe1cbe75"
          },
          "sensitive_attributes": [],
          "private": "bnVsbA==",
          "dependencies": [
            "data.aws_vpc.default"
          ]
        }
      ]
    },
    {
      "mode": "managed",
      "type": "aws_s3_bucket",
      "name": "model_bucket",
      "provider": "provider[\"registry.terraform.io/hashicorp/aws\"]",
      "instances": [
        {
          "schema_version": 0,
          "attributes": {
            "acceleration_status": "",
            "acl": "private",
            "arn": "arn:aws:s3:::deepseek-model-bucket-12345",
            "bucket": "deepseek-model-bucket-12345",
            "bucket_domain_name": "deepseek-model-bucket-12345.s3.amazonaws.com",
            "bucket_prefix": "",
            "bucket_regional_domain_name": "deepseek-model-bucket-12345.s3.us-east-1.amazonaws.com",
            "cors_rule": [],
            "force_destroy": false,
            "grant": [
              {
                "id": "1f6caf2a8e2801a871ab8f503458d00f459ed9598e5d285f9b7b04a5bb43b64c",
                "permissions": [
                  "FULL_CONTROL"
                ],
                "type": "CanonicalUser",
                "uri": ""
              }
            ],
            "hosted_zone_id": "Z3AQBSTGFYJSTF",
            "id": "deepseek-model-bucket-12345",
            "lifecycle_rule": [],
            "logging": [],
            "object_lock_configuration": [],
            "object_lock_enabled": false,
            "policy": "",
            "region": "us-east-1",
            "replication_configuration": [],
            "request_payer": "BucketOwner",
            "server_side_encryption_configuration": [
              {
                "rule": [
                  {
                    "apply_server_side_encryption_by_default": [
                      {
                        "kms_master_key_id": "",
                        "sse_algorithm": "AES256"
                      }
                    ],
                    "bucket_key_enabled": false
                  }
                ]
              }
            ],
            "tags": {
              "Environment": "Dev",
              "Name": "DeepSeekModelBucket"
            },
            "tags_all": {
              "Environment": "Dev",
              "Name": "DeepSeekModelBucket"
            },
            "timeouts": null,
            "versioning": [
              {
                "enabled": false,
                "mfa_delete": false
              }
            ],
            "website": [],
            "website_domain": null,
            "website_endpoint": null
          },
          "sensitive_attributes": [],
          "private": "eyJlMmJmYjczMC1lY2FhLTExZTYtOGY4OC0zNDM2M2JjN2M0YzAiOnsiY3JlYXRlIjoxMjAwMDAwMDAwMDAwLCJkZWxldGUiOjM2MDAwMDAwMDAwMDAsInJlYWQiOjEyMDAwMDAwMDAwMDAsInVwZGF0ZSI6MTIwMDAwMDAwMDAwMH19"
        }
      ]
    },
    {
      "mode": "managed",
      "type": "aws_s3_bucket_server_side_encryption_configuration",
      "name": "model_bucket_encryption",
      "provider": "provider[\"registry.terraform.io/hashicorp/aws\"]",
      "instances": [
        {
          "schema_version": 0,
          "attributes": {
            "bucket": "deepseek-model-bucket-12345",
            "expected_bucket_owner": "",
            "id": "deepseek-model-bucket-12345",
            "rule": [
              {
                "apply_server_side_encryption_by_default": [
                  {
                    "kms_master_key_id": "",
                    "sse_algorithm": "AES256"
                  }
                ],
                "bucket_key_enabled": false
              }
            ]
          },
          "sensitive_attributes": [],
          "private": "bnVsbA==",
          "dependencies": [
            "aws_s3_bucket.model_bucket"
          ]
        }
      ]
    },
    {
      "mode": "managed",
      "type": "aws_security_group",
      "name": "deepseek_sg",
      "provider": "provider[\"registry.terraform.io/hashicorp/aws\"]",
      "instances": [
        {
          "schema_version": 1,
          "attributes": {
            "arn": "arn:aws:ec2:us-east-1:242201266221:security-group/sg-07b7e4b471f27693b",
            "description": "Allow inbound traffic for DeepSeek Model",
            "egress": [
              {
                "cidr_blocks": [
                  "0.0.0.0/0"
                ],
                "description": "",
                "from_port": 0,
                "ipv6_cidr_blocks": [],
                "prefix_list_ids": [],
                "protocol": "-1",
                "security_groups": [],
                "self": false,
                "to_port": 0
              }
            ],
            "id": "sg-07b7e4b471f27693b",
            "ingress": [
              {
                "cidr_blocks": [
                  "0.0.0.0/0"
                ],
                "description": "",
                "from_port": 22,
                "ipv6_cidr_blocks": [],
                "prefix_list_ids": [],
                "protocol": "tcp",
                "security_groups": [],
                "self": false,
                "to_port": 22
              },
              {
                "cidr_blocks": [
                  "0.0.0.0/0"
                ],
                "description": "",
                "from_port": 8080,
                "ipv6_cidr_blocks": [],
                "prefix_list_ids": [],
                "protocol": "tcp",
                "security_groups": [],
                "self": false,
                "to_port": 8080
              }
            ],
            "name": "deepseek_sg",
            "name_prefix": "",
            "owner_id": "242201266221",
            "revoke_rules_on_delete": false,
            "tags": {},
            "tags_all": {},
            "timeouts": null,
            "vpc_id": "vpc-0e3ac6c0dfe1cbe75"
          },
          "sensitive_attributes": [],
          "private": "eyJlMmJmYjczMC1lY2FhLTExZTYtOGY4OC0zNDM2M2JjN2M0YzAiOnsiY3JlYXRlIjo2MDAwMDAwMDAwMDAsImRlbGV0ZSI6OTAwMDAwMDAwMDAwfSwic2NoZW1hX3ZlcnNpb24iOiIxIn0="
        }
      ]
    },
    {
      "mode": "managed",
      "type": "local_file",
      "name": "private_key",
      "provider": "provider[\"registry.terraform.io/hashicorp/local\"]",
      "instances": [
        {
          "schema_version": 0,
          "attributes": {
            "content": "-----BEGIN RSA PRIVATE KEY-----\nMIIEogIBAAKCAQEAqMvAHETCGs0Td41DOD7FWxX4VAcQ1Yhztb3EvBfeCCarBV7t\no2aHFtRhVzcsP2UkIcsQsRVrOhSbaIMVKxqMRqP+BIPOCnSTfh+Vp9TiDWqSn6i2\n9U679zjjxlMbbSAS2MpWXUr7oNBDhXZxwXGgQ7iFC3bY7X2GdURu+2k6jNgP5JV3\nUcRAcUL84NnuWUlfSxJExKcWNEKmmjfdeXGhjz6WmfkIQNcMbex7swOIF4AW5qUY\n1o/Harxq2hSjJ55YBCESI2d0fuiHqVLxggf4vQ/03kGNy4CWf8azagzl9cmr/hlb\n0BxGsR8d5ZjGPsBC7w7EBekDZjr/nAdGgsB61wIDAQABAoIBAAK7kbejcVUHvunv\nkogFlCJeX6/UkXQzilQF53p4FHMjVR94IvbDQSqgc5b64K+CDqyxYerMAvlkvgNa\nI+yXuG+oVgNystI+gujG0CBwdNxsvkTxcUzVYnulIyLh047XtxZlaDKIdTxsQruV\naFAOa97MzPKbkPV/U77wRa+yS21eR2CA2WhjU2gLU5mf/DPHTsT3V2t2reE5axlA\nYMSkr2TfaPsBe8UQiAGw0oiQeJaQos6AXfcTdcakmiqG2Hw386w4wmo5zkNGVacJ\nxai29bk7k+XQZ73RLiVWPMgm/5DioC6rleO2VViEa4mpdZtXgHZic3/MMDs++O4S\nV8ZzgskCgYEA0EITsLgP1vku6MZyTQ/p4QgEqgeM3/6LpIhxq7iaK79wxU2txAUp\n0/zgmI+tkTUunGsAUBiPTaG+z8VFeFglXSbCVGsKRwc2NujA24FTKL7QE/0zVOY6\n/rgq2ZPdMxV60cplk+1WD/uNJbPZChjtc2yd8zzU2dtcnNuB0DZAn+sCgYEAz33H\nC4y9Y5bJIC3OsvUK6ZD13Z7rFDZd5a2G+UnHxJOH4ZrXBdmkwijxxlUJ7IAQAFx5\n9vYeMGkcS21bWVzCHVN+b8oqY/pTwCJtubc1EZNJ+xWU9vjVpaY4LELQ8WVzB0AQ\nTEcX/obRadF6bBcUPsSSn4ECyHE+X5rQx2tQgcUCgYA3tJUDvhgujnSnuv0z87/B\ne52TxXU/LR05I24UWsqSTSDjBcYnGqJ3m7qP1E6++pS/LjflNMyQHWWmucO9Twaf\nhhCQ+BjFqv4rbdK4ZD1UNsX9ssqaOQMqwyRjEpQmZ+Z0W0kUanWMzOKSZSr28ngB\nWdpeB7V/mJeLNYPhp8FdhQKBgDYCVGRiPw4EOtggdFRKyotfi1AjxKcfO7PERoTv\nOoulp1IHPv8r1uIfTEfG7O1drEybxbeN+u+4/H95uLR7G6AMkrXAluYtS82QaKVV\n1f98Kl6sEHl07g/PQ4Hp5n9fW+DAQT3Jp6o+J5Z2y3oFS+TGwC+6oiHQsF6sarnt\n6ifNAoGAAcXwzD0t+6/KW3AqLO9s+zP8h58ZFRoojauVrPtpNKHLruj6gSAgjnQS\nYhBMfYKUTRVZPr3l3+vlu5ZdDHOY6j5VJSzjXqrHOiz+PyuhYQsYFoKGrBJakGNT\nhVN8EuJvjbpuYYkOGobR2eUsrwMsYfUbgbjZuMuJGhpTfgbbwIE=\n-----END RSA PRIVATE KEY-----\n",
            "content_base64": null,
            "content_base64sha256": "xkUiZfituQZCj9/Cb//1vu80iul1hW3nvUaz+Ax3HQA=",
            "content_base64sha512": "hTHekwrb8RdcN1AfNfFsqjDI8B5LazBu7JAh5WPeabwbCZEeHv6dgARgVaxCjAlYqo49on5nODnbHxbQig5JkQ==",
            "content_md5": "fadecef08dd70bd2662d6e9757878081",
            "content_sha1": "9c40d1c271b90d46e09de68e09e345f3c55c11d7",
            "content_sha256": "c6452265f8adb906428fdfc26ffff5beef348ae975856de7bd46b3f80c771d00",
            "content_sha512": "8531de930adbf1175c37501f35f16caa30c8f01e4b6b306eec9021e563de69bc1b09911e1efe9d80046055ac428c0958aa8e3da27e673839db1f16d08a0e4991",
            "directory_permission": "0777",
            "file_permission": "0600",
            "filename": "deepseek-key.pem",
            "id": "9c40d1c271b90d46e09de68e09e345f3c55c11d7",
            "sensitive_content": null,
            "source": null
          },
          "sensitive_attributes": [
            [
              {
                "type": "get_attr",
                "value": "sensitive_content"
              }
            ],
            [
              {
                "type": "get_attr",
                "value": "content"
              }
            ]
          ],
          "dependencies": [
            "tls_private_key.ec2_key"
          ]
        }
      ]
    },
    {
      "mode": "managed",
      "type": "tls_private_key",
      "name": "ec2_key",
      "provider": "provider[\"registry.terraform.io/hashicorp/tls\"]",
      "instances": [
        {
          "schema_version": 1,
          "attributes": {
            "algorithm": "RSA",
            "ecdsa_curve": "P224",
            "id": "f465a00442b5fa89bee8107615b814f82779f6c9",
            "private_key_openssh": "-----BEGIN OPENSSH PRIVATE KEY-----\nb3BlbnNzaC1rZXktdjEAAAAABG5vbmUAAAAEbm9uZQAAAAAAAAABAAABFwAAAAdz\nc2gtcnNhAAAAAwEAAQAAAQEAqMvAHETCGs0Td41DOD7FWxX4VAcQ1Yhztb3EvBfe\nCCarBV7to2aHFtRhVzcsP2UkIcsQsRVrOhSbaIMVKxqMRqP+BIPOCnSTfh+Vp9Ti\nDWqSn6i29U679zjjxlMbbSAS2MpWXUr7oNBDhXZxwXGgQ7iFC3bY7X2GdURu+2k6\njNgP5JV3UcRAcUL84NnuWUlfSxJExKcWNEKmmjfdeXGhjz6WmfkIQNcMbex7swOI\nF4AW5qUY1o/Harxq2hSjJ55YBCESI2d0fuiHqVLxggf4vQ/03kGNy4CWf8azagzl\n9cmr/hlb0BxGsR8d5ZjGPsBC7w7EBekDZjr/nAdGgsB61wAAA7jZh2cb2YdnGwAA\nAAdzc2gtcnNhAAABAQCoy8AcRMIazRN3jUM4PsVbFfhUBxDViHO1vcS8F94IJqsF\nXu2jZocW1GFXNyw/ZSQhyxCxFWs6FJtogxUrGoxGo/4Eg84KdJN+H5Wn1OINapKf\nqLb1Trv3OOPGUxttIBLYylZdSvug0EOFdnHBcaBDuIULdtjtfYZ1RG77aTqM2A/k\nlXdRxEBxQvzg2e5ZSV9LEkTEpxY0QqaaN915caGPPpaZ+QhA1wxt7HuzA4gXgBbm\npRjWj8dqvGraFKMnnlgEIRIjZ3R+6IepUvGCB/i9D/TeQY3LgJZ/xrNqDOX1yav+\nGVvQHEaxHx3lmMY+wELvDsQF6QNmOv+cB0aCwHrXAAAAAwEAAQAAAQACu5G3o3FV\nB77p75KIBZQiXl+v1JF0M4pUBed6eBRzI1UfeCL2w0EqoHOW+uCvgg6ssWHqzAL5\nZL4DWiPsl7hvqFYDcrLSPoLoxtAgcHTcbL5E8XFM1WJ7pSMi4dOO17cWZWgyiHU8\nbEK7lWhQDmvezMzym5D1f1O+8EWvskttXkdggNloY1NoC1OZn/wzx07E91drdq3h\nOWsZQGDEpK9k32j7AXvFEIgBsNKIkHiWkKLOgF33E3XGpJoqhth8N/OsOMJqOc5D\nRlWnCcWotvW5O5Pl0Ge90S4lVjzIJv+Q4qAuq5XjtlVYhGuJqXWbV4B2YnN/zDA7\nPvjuElfGc4LJAAAAgAHF8Mw9LfuvyltwKizvbPsz/IefGRUaKI2rlaz7aTShy67o\n+oEgII50EmIQTH2ClE0VWT695d/r5buWXQxzmOo+VSUs416qxzos/j8roWELGBaC\nhqwSWpBjU4VTfBLib426bmGJDhqG0dnlLK8DLGH1G4G42bjLiRoaU34G28CBAAAA\ngQDQQhOwuA/W+S7oxnJND+nhCASqB4zf/oukiHGruJorv3DFTa3EBSnT/OCYj62R\nNS6cawBQGI9Nob7PxUV4WCVdJsJUawpHBzY26MDbgVMovtAT/TNU5jr+uCrZk90z\nFXrRymWT7VYP+40ls9kKGO1zbJ3zPNTZ21yc24HQNkCf6wAAAIEAz33HC4y9Y5bJ\nIC3OsvUK6ZD13Z7rFDZd5a2G+UnHxJOH4ZrXBdmkwijxxlUJ7IAQAFx59vYeMGkc\nS21bWVzCHVN+b8oqY/pTwCJtubc1EZNJ+xWU9vjVpaY4LELQ8WVzB0AQTEcX/obR\nadF6bBcUPsSSn4ECyHE+X5rQx2tQgcUAAAAAAQID\n-----END OPENSSH PRIVATE KEY-----\n",
            "private_key_pem": "-----BEGIN RSA PRIVATE KEY-----\nMIIEogIBAAKCAQEAqMvAHETCGs0Td41DOD7FWxX4VAcQ1Yhztb3EvBfeCCarBV7t\no2aHFtRhVzcsP2UkIcsQsRVrOhSbaIMVKxqMRqP+BIPOCnSTfh+Vp9TiDWqSn6i2\n9U679zjjxlMbbSAS2MpWXUr7oNBDhXZxwXGgQ7iFC3bY7X2GdURu+2k6jNgP5JV3\nUcRAcUL84NnuWUlfSxJExKcWNEKmmjfdeXGhjz6WmfkIQNcMbex7swOIF4AW5qUY\n1o/Harxq2hSjJ55YBCESI2d0fuiHqVLxggf4vQ/03kGNy4CWf8azagzl9cmr/hlb\n0BxGsR8d5ZjGPsBC7w7EBekDZjr/nAdGgsB61wIDAQABAoIBAAK7kbejcVUHvunv\nkogFlCJeX6/UkXQzilQF53p4FHMjVR94IvbDQSqgc5b64K+CDqyxYerMAvlkvgNa\nI+yXuG+oVgNystI+gujG0CBwdNxsvkTxcUzVYnulIyLh047XtxZlaDKIdTxsQruV\naFAOa97MzPKbkPV/U77wRa+yS21eR2CA2WhjU2gLU5mf/DPHTsT3V2t2reE5axlA\nYMSkr2TfaPsBe8UQiAGw0oiQeJaQos6AXfcTdcakmiqG2Hw386w4wmo5zkNGVacJ\nxai29bk7k+XQZ73RLiVWPMgm/5DioC6rleO2VViEa4mpdZtXgHZic3/MMDs++O4S\nV8ZzgskCgYEA0EITsLgP1vku6MZyTQ/p4QgEqgeM3/6LpIhxq7iaK79wxU2txAUp\n0/zgmI+tkTUunGsAUBiPTaG+z8VFeFglXSbCVGsKRwc2NujA24FTKL7QE/0zVOY6\n/rgq2ZPdMxV60cplk+1WD/uNJbPZChjtc2yd8zzU2dtcnNuB0DZAn+sCgYEAz33H\nC4y9Y5bJIC3OsvUK6ZD13Z7rFDZd5a2G+UnHxJOH4ZrXBdmkwijxxlUJ7IAQAFx5\n9vYeMGkcS21bWVzCHVN+b8oqY/pTwCJtubc1EZNJ+xWU9vjVpaY4LELQ8WVzB0AQ\nTEcX/obRadF6bBcUPsSSn4ECyHE+X5rQx2tQgcUCgYA3tJUDvhgujnSnuv0z87/B\ne52TxXU/LR05I24UWsqSTSDjBcYnGqJ3m7qP1E6++pS/LjflNMyQHWWmucO9Twaf\nhhCQ+BjFqv4rbdK4ZD1UNsX9ssqaOQMqwyRjEpQmZ+Z0W0kUanWMzOKSZSr28ngB\nWdpeB7V/mJeLNYPhp8FdhQKBgDYCVGRiPw4EOtggdFRKyotfi1AjxKcfO7PERoTv\nOoulp1IHPv8r1uIfTEfG7O1drEybxbeN+u+4/H95uLR7G6AMkrXAluYtS82QaKVV\n1f98Kl6sEHl07g/PQ4Hp5n9fW+DAQT3Jp6o+J5Z2y3oFS+TGwC+6oiHQsF6sarnt\n6ifNAoGAAcXwzD0t+6/KW3AqLO9s+zP8h58ZFRoojauVrPtpNKHLruj6gSAgjnQS\nYhBMfYKUTRVZPr3l3+vlu5ZdDHOY6j5VJSzjXqrHOiz+PyuhYQsYFoKGrBJakGNT\nhVN8EuJvjbpuYYkOGobR2eUsrwMsYfUbgbjZuMuJGhpTfgbbwIE=\n-----END RSA PRIVATE KEY-----\n",
            "private_key_pem_pkcs8": "-----BEGIN PRIVATE KEY-----\nMIIEvAIBADANBgkqhkiG9w0BAQEFAASCBKYwggSiAgEAAoIBAQCoy8AcRMIazRN3\njUM4PsVbFfhUBxDViHO1vcS8F94IJqsFXu2jZocW1GFXNyw/ZSQhyxCxFWs6FJto\ngxUrGoxGo/4Eg84KdJN+H5Wn1OINapKfqLb1Trv3OOPGUxttIBLYylZdSvug0EOF\ndnHBcaBDuIULdtjtfYZ1RG77aTqM2A/klXdRxEBxQvzg2e5ZSV9LEkTEpxY0Qqaa\nN915caGPPpaZ+QhA1wxt7HuzA4gXgBbmpRjWj8dqvGraFKMnnlgEIRIjZ3R+6Iep\nUvGCB/i9D/TeQY3LgJZ/xrNqDOX1yav+GVvQHEaxHx3lmMY+wELvDsQF6QNmOv+c\nB0aCwHrXAgMBAAECggEAAruRt6NxVQe+6e+SiAWUIl5fr9SRdDOKVAXnengUcyNV\nH3gi9sNBKqBzlvrgr4IOrLFh6swC+WS+A1oj7Je4b6hWA3Ky0j6C6MbQIHB03Gy+\nRPFxTNVie6UjIuHTjte3FmVoMoh1PGxCu5VoUA5r3szM8puQ9X9TvvBFr7JLbV5H\nYIDZaGNTaAtTmZ/8M8dOxPdXa3at4TlrGUBgxKSvZN9o+wF7xRCIAbDSiJB4lpCi\nzoBd9xN1xqSaKobYfDfzrDjCajnOQ0ZVpwnFqLb1uTuT5dBnvdEuJVY8yCb/kOKg\nLquV47ZVWIRrial1m1eAdmJzf8wwOz747hJXxnOCyQKBgQDQQhOwuA/W+S7oxnJN\nD+nhCASqB4zf/oukiHGruJorv3DFTa3EBSnT/OCYj62RNS6cawBQGI9Nob7PxUV4\nWCVdJsJUawpHBzY26MDbgVMovtAT/TNU5jr+uCrZk90zFXrRymWT7VYP+40ls9kK\nGO1zbJ3zPNTZ21yc24HQNkCf6wKBgQDPfccLjL1jlskgLc6y9QrpkPXdnusUNl3l\nrYb5ScfEk4fhmtcF2aTCKPHGVQnsgBAAXHn29h4waRxLbVtZXMIdU35vyipj+lPA\nIm25tzURk0n7FZT2+NWlpjgsQtDxZXMHQBBMRxf+htFp0XpsFxQ+xJKfgQLIcT5f\nmtDHa1CBxQKBgDe0lQO+GC6OdKe6/TPzv8F7nZPFdT8tHTkjbhRaypJNIOMFxica\nonebuo/UTr76lL8uN+U0zJAdZaa5w71PBp+GEJD4GMWq/itt0rhkPVQ2xf2yypo5\nAyrDJGMSlCZn5nRbSRRqdYzM4pJlKvbyeAFZ2l4HtX+Yl4s1g+GnwV2FAoGANgJU\nZGI/DgQ62CB0VErKi1+LUCPEpx87s8RGhO86i6WnUgc+/yvW4h9MR8bs7V2sTJvF\nt43677j8f3m4tHsboAyStcCW5i1LzZBopVXV/3wqXqwQeXTuD89Dgenmf19b4MBB\nPcmnqj4nlnbLegVL5MbAL7qiIdCwXqxque3qJ80CgYABxfDMPS37r8pbcCos72z7\nM/yHnxkVGiiNq5Ws+2k0ocuu6PqBICCOdBJiEEx9gpRNFVk+veXf6+W7ll0Mc5jq\nPlUlLONeqsc6LP4/K6FhCxgWgoasElqQY1OFU3wS4m+Num5hiQ4ahtHZ5SyvAyxh\n9RuBuNm4y4kaGlN+BtvAgQ==\n-----END PRIVATE KEY-----\n",
            "public_key_fingerprint_md5": "8c:63:b1:ef:51:3c:a9:89:d4:d8:94:62:e6:eb:5e:2c",
            "public_key_fingerprint_sha256": "SHA256:UPX13fO/qwwTRMRJkOj8/LHYKizJQSVsimHNFqncOnk",
            "public_key_openssh": "ssh-rsa AAAAB3NzaC1yc2EAAAADAQABAAABAQCoy8AcRMIazRN3jUM4PsVbFfhUBxDViHO1vcS8F94IJqsFXu2jZocW1GFXNyw/ZSQhyxCxFWs6FJtogxUrGoxGo/4Eg84KdJN+H5Wn1OINapKfqLb1Trv3OOPGUxttIBLYylZdSvug0EOFdnHBcaBDuIULdtjtfYZ1RG77aTqM2A/klXdRxEBxQvzg2e5ZSV9LEkTEpxY0QqaaN915caGPPpaZ+QhA1wxt7HuzA4gXgBbmpRjWj8dqvGraFKMnnlgEIRIjZ3R+6IepUvGCB/i9D/TeQY3LgJZ/xrNqDOX1yav+GVvQHEaxHx3lmMY+wELvDsQF6QNmOv+cB0aCwHrX\n",
            "public_key_pem": "-----BEGIN PUBLIC KEY-----\nMIIBIjANBgkqhkiG9w0BAQEFAAOCAQ8AMIIBCgKCAQEAqMvAHETCGs0Td41DOD7F\nWxX4VAcQ1Yhztb3EvBfeCCarBV7to2aHFtRhVzcsP2UkIcsQsRVrOhSbaIMVKxqM\nRqP+BIPOCnSTfh+Vp9TiDWqSn6i29U679zjjxlMbbSAS2MpWXUr7oNBDhXZxwXGg\nQ7iFC3bY7X2GdURu+2k6jNgP5JV3UcRAcUL84NnuWUlfSxJExKcWNEKmmjfdeXGh\njz6WmfkIQNcMbex7swOIF4AW5qUY1o/Harxq2hSjJ55YBCESI2d0fuiHqVLxggf4\nvQ/03kGNy4CWf8azagzl9cmr/hlb0BxGsR8d5ZjGPsBC7w7EBekDZjr/nAdGgsB6\n1wIDAQAB\n-----END PUBLIC KEY-----\n",
            "rsa_bits": 2048
          },
          "sensitive_attributes": [
            [
              {
                "type": "get_attr",
                "value": "private_key_pem_pkcs8"
              }
            ],
            [
              {
                "type": "get_attr",
                "value": "private_key_openssh"
              }
            ],
            [
              {
                "type": "get_attr",
                "value": "private_key_pem"
              }
            ]
          ]
        }
      ]
    }
  ],
  "check_results": null
}
